Microsoft Visual Studio Solution File, Format Version 12.00
# Visual Studio 2012
Project("{FAE04EC0-301F-11D3-BF4B-00C04F79EFBC}") = "ProcSkeleton3D", "ProcSkeleton3D.csproj", "{BED86F41-D471-4D3E-AC99-C9B9FD348C96}"
EndProject
Global
	GlobalSection(SolutionConfigurationPlatforms) = preSolution
	Debug|Any CPU = Debug|Any CPU
	ExportDebug|Any CPU = ExportDebug|Any CPU
	ExportRelease|Any CPU = ExportRelease|Any CPU
	EndGlobalSection
	GlobalSection(ProjectConfigurationPlatforms) = postSolution
		{BED86F41-D471-4D3E-AC99-C9B9FD348C96}.Debug|Any CPU.ActiveCfg = Debug|Any CPU
		{BED86F41-D471-4D3E-AC99-C9B9FD348C96}.Debug|Any CPU.Build.0 = Debug|Any CPU
		{BED86F41-D471-4D3E-AC99-C9B9FD348C96}.ExportDebug|Any CPU.ActiveCfg = ExportDebug|Any CPU
		{BED86F41-D471-4D3E-AC99-C9B9FD348C96}.ExportDebug|Any CPU.Build.0 = ExportDebug|Any CPU
		{BED86F41-D471-4D3E-AC99-C9B9FD348C96}.ExportRelease|Any CPU.ActiveCfg = ExportRelease|Any CPU
		{BED86F41-D471-4D3E-AC99-C9B9FD348C96}.ExportRelease|Any CPU.Build.0 = ExportRelease|Any CPU
	EndGlobalSection
EndGlobal
